// !$*UTF8*$!
{
	archiveVersion = 1;
	classes = {
	};
	objectVersion = 50;
	objects = {

/* Begin PBXBuildFile section */
		14883C0F212FDF3B00871F58 /* AppDelegate.swift in Sources */ = {isa = PBXBuildFile; fileRef = 14883C0E212FDF3B00871F58 /* AppDelegate.swift */; };
		14883C16212FDF3D00871F58 /* Assets.xcassets in Resources */ = {isa = PBXBuildFile; fileRef = 14883C15212FDF3D00871F58 /* Assets.xcassets */; };
		14883C19212FDF3D00871F58 /* LaunchScreen.storyboard in Resources */ = {isa = PBXBuildFile; fileRef = 14883C17212FDF3D00871F58 /* LaunchScreen.storyboard */; };
		14883C24212FDF3D00871F58 /* RememberTests.swift in Sources */ = {isa = PBXBuildFile; fileRef = 14883C23212FDF3D00871F58 /* RememberTests.swift */; };
		14883C31212FE02B00871F58 /* IFlowController.swift in Sources */ = {isa = PBXBuildFile; fileRef = 14883C30212FE02B00871F58 /* IFlowController.swift */; };
		14883C36212FE10E00871F58 /* IRepository.swift in Sources */ = {isa = PBXBuildFile; fileRef = 14883C35212FE10E00871F58 /* IRepository.swift */; };
		14883C3E212FE54400871F58 /* SeeNotesPresenter.swift in Sources */ = {isa = PBXBuildFile; fileRef = 14883C3D212FE54400871F58 /* SeeNotesPresenter.swift */; };
		14883C41212FE58A00871F58 /* Note.swift in Sources */ = {isa = PBXBuildFile; fileRef = 14883C40212FE58A00871F58 /* Note.swift */; };
		14883C43212FE64B00871F58 /* SeeNotesView.swift in Sources */ = {isa = PBXBuildFile; fileRef = 14883C42212FE64B00871F58 /* SeeNotesView.swift */; };
		14883C49212FEFBF00871F58 /* NoteRequest.swift in Sources */ = {isa = PBXBuildFile; fileRef = 14883C48212FEFBF00871F58 /* NoteRequest.swift */; };
		14883C4B212FF43800871F58 /* IOS_FlowController.swift in Sources */ = {isa = PBXBuildFile; fileRef = 14883C4A212FF43800871F58 /* IOS_FlowController.swift */; };
		14883C4D212FFB1200871F58 /* RepoFactory.swift in Sources */ = {isa = PBXBuildFile; fileRef = 14883C4C212FFB1200871F58 /* RepoFactory.swift */; };
		14883C4F212FFB1E00871F58 /* NoteRepository.swift in Sources */ = {isa = PBXBuildFile; fileRef = 14883C4E212FFB1E00871F58 /* NoteRepository.swift */; };
		14883C512130055100871F58 /* SeeNotesViewController.swift in Sources */ = {isa = PBXBuildFile; fileRef = 14883C502130055100871F58 /* SeeNotesViewController.swift */; };
/* End PBXBuildFile section */

/* Begin PBXContainerItemProxy section */
		14883C20212FDF3D00871F58 /* PBXContainerItemProxy */ = {
			isa = PBXContainerItemProxy;
			containerPortal = 14883C03212FDF3B00871F58 /* Project object */;
			proxyType = 1;
			remoteGlobalIDString = 14883C0A212FDF3B00871F58;
			remoteInfo = Remember;
		};
/* End PBXContainerItemProxy section */

/* Begin PBXFileReference section */
		14883C0B212FDF3B00871F58 /* Remember.app */ = {isa = PBXFileReference; explicitFileType = wrapper.application; includeInIndex = 0; path = Remember.app; sourceTree = BUILT_PRODUCTS_DIR; };
		14883C0E212FDF3B00871F58 /* AppDelegate.swift */ = {isa = PBXFileReference; lastKnownFileType = sourcecode.swift; path = AppDelegate.swift; sourceTree = "<group>"; };
		14883C15212FDF3D00871F58 /* Assets.xcassets */ = {isa = PBXFileReference; lastKnownFileType = folder.assetcatalog; path = Assets.xcassets; sourceTree = "<group>"; };
		14883C18212FDF3D00871F58 /* Base */ = {isa = PBXFileReference; lastKnownFileType = file.storyboard; name = Base; path = Base.lproj/LaunchScreen.storyboard; sourceTree = "<group>"; };
		14883C1A212FDF3D00871F58 /* Info.plist */ = {isa = PBXFileReference; lastKnownFileType = text.plist.xml; path = Info.plist; sourceTree = "<group>"; };
		14883C1F212FDF3D00871F58 /* RememberTests.xctest */ = {isa = PBXFileReference; explicitFileType = wrapper.cfbundle; includeInIndex = 0; path = RememberTests.xctest; sourceTree = BUILT_PRODUCTS_DIR; };
		14883C23212FDF3D00871F58 /* RememberTests.swift */ = {isa = PBXFileReference; lastKnownFileType = sourcecode.swift; path = RememberTests.swift; sourceTree = "<group>"; };
		14883C25212FDF3D00871F58 /* Info.plist */ = {isa = PBXFileReference; lastKnownFileType = text.plist.xml; path = Info.plist; sourceTree = "<group>"; };
		14883C30212FE02B00871F58 /* IFlowController.swift */ = {isa = PBXFileReference; lastKnownFileType = sourcecode.swift; path = IFlowController.swift; sourceTree = "<group>"; };
		14883C35212FE10E00871F58 /* IRepository.swift */ = {isa = PBXFileReference; lastKnownFileType = sourcecode.swift; path = IRepository.swift; sourceTree = "<group>"; };
		14883C3D212FE54400871F58 /* SeeNotesPresenter.swift */ = {isa = PBXFileReference; lastKnownFileType = sourcecode.swift; path = SeeNotesPresenter.swift; sourceTree = "<group>"; };
		14883C40212FE58A00871F58 /* Note.swift */ = {isa = PBXFileReference; lastKnownFileType = sourcecode.swift; path = Note.swift; sourceTree = "<group>"; };
		14883C42212FE64B00871F58 /* SeeNotesView.swift */ = {isa = PBXFileReference; lastKnownFileType = sourcecode.swift; path = SeeNotesView.swift; sourceTree = "<group>"; };
		14883C48212FEFBF00871F58 /* NoteRequest.swift */ = {isa = PBXFileReference; lastKnownFileType = sourcecode.swift; path = NoteRequest.swift; sourceTree = "<group>"; };
		14883C4A212FF43800871F58 /* IOS_FlowController.swift */ = {isa = PBXFileReference; lastKnownFileType = sourcecode.swift; path = IOS_FlowController.swift; sourceTree = "<group>"; };
		14883C4C212FFB1200871F58 /* RepoFactory.swift */ = {isa = PBXFileReference; lastKnownFileType = sourcecode.swift; path = RepoFactory.swift; sourceTree = "<group>"; };
		14883C4E212FFB1E00871F58 /* NoteRepository.swift */ = {isa = PBXFileReference; lastKnownFileType = sourcecode.swift; path = NoteRepository.swift; sourceTree = "<group>"; };
		14883C502130055100871F58 /* SeeNotesViewController.swift */ = {isa = PBXFileReference; lastKnownFileType = sourcecode.swift; path = SeeNotesViewController.swift; sourceTree = "<group>"; };
/* End PBXFileReference section */

/* Begin PBXFrameworksBuildPhase section */
		14883C08212FDF3B00871F58 /* Frameworks */ = {
			isa = PBXFrameworksBuildPhase;
			buildActionMask = 2147483647;
			files = (
			);
			runOnlyForDeploymentPostprocessing = 0;
		};
		14883C1C212FDF3D00871F58 /* Frameworks */ = {
			isa = PBXFrameworksBuildPhase;
			buildActionMask = 2147483647;
			files = (
			);
			runOnlyForDeploymentPostprocessing = 0;
		};
/* End PBXFrameworksBuildPhase section */

/* Begin PBXGroup section */
		14883C02212FDF3B00871F58 = {
			isa = PBXGroup;
			children = (
				14883C0D212FDF3B00871F58 /* Notes */,
				14883C22212FDF3D00871F58 /* RememberTests */,
				14883C0C212FDF3B00871F58 /* Products */,
			);
			sourceTree = "<group>";
		};
		14883C0C212FDF3B00871F58 /* Products */ = {
			isa = PBXGroup;
			children = (
				14883C0B212FDF3B00871F58 /* Remember.app */,
				14883C1F212FDF3D00871F58 /* RememberTests.xctest */,
			);
			name = Products;
			sourceTree = "<group>";
		};
		14883C0D212FDF3B00871F58 /* Notes */ = {
			isa = PBXGroup;
			children = (
				14883C38212FE2E900871F58 /* Notes.ios */,
				14883C2F212FE00000871F58 /* SeeNotes */,
				14883C2E212FDFF500871F58 /* Common */,
			);
			path = Notes;
			sourceTree = "<group>";
		};
		14883C22212FDF3D00871F58 /* RememberTests */ = {
			isa = PBXGroup;
			children = (
				14883C23212FDF3D00871F58 /* RememberTests.swift */,
				14883C25212FDF3D00871F58 /* Info.plist */,
			);
			path = RememberTests;
			sourceTree = "<group>";
		};
		14883C2E212FDFF500871F58 /* Common */ = {
			isa = PBXGroup;
			children = (
				14883C3F212FE57900871F58 /* Model */,
				14883C32212FE07100871F58 /* Common.ios */,
				14883C30212FE02B00871F58 /* IFlowController.swift */,
				14883C35212FE10E00871F58 /* IRepository.swift */,
				14883C42212FE64B00871F58 /* SeeNotesView.swift */,
			);
			path = Common;
			sourceTree = "<group>";
		};
		14883C2F212FE00000871F58 /* SeeNotes */ = {
			isa = PBXGroup;
			children = (
				14883C37212FE2C400871F58 /* SeeNotes.ios */,
				14883C3D212FE54400871F58 /* SeeNotesPresenter.swift */,
			);
			path = SeeNotes;
			sourceTree = "<group>";
		};
		14883C32212FE07100871F58 /* Common.ios */ = {
			isa = PBXGroup;
			children = (
				14883C4A212FF43800871F58 /* IOS_FlowController.swift */,
			);
			path = Common.ios;
			sourceTree = "<group>";
		};
		14883C37212FE2C400871F58 /* SeeNotes.ios */ = {
			isa = PBXGroup;
			children = (
				14883C502130055100871F58 /* SeeNotesViewController.swift */,
			);
			path = SeeNotes.ios;
			sourceTree = "<group>";
		};
		14883C38212FE2E900871F58 /* Notes.ios */ = {
			isa = PBXGroup;
			children = (
				14883C0E212FDF3B00871F58 /* AppDelegate.swift */,
				14883C15212FDF3D00871F58 /* Assets.xcassets */,
				14883C17212FDF3D00871F58 /* LaunchScreen.storyboard */,
				14883C1A212FDF3D00871F58 /* Info.plist */,
				14883C4C212FFB1200871F58 /* RepoFactory.swift */,
				14883C4E212FFB1E00871F58 /* NoteRepository.swift */,
			);
			path = Notes.ios;
			sourceTree = "<group>";
		};
		14883C3F212FE57900871F58 /* Model */ = {
			isa = PBXGroup;
			children = (
				14883C40212FE58A00871F58 /* Note.swift */,
				14883C48212FEFBF00871F58 /* NoteRequest.swift */,
			);
			path = Model;
			sourceTree = "<group>";
		};
/* End PBXGroup section */

/* Begin PBXNativeTarget section */
		14883C0A212FDF3B00871F58 /* Remember */ = {
			isa = PBXNativeTarget;
			buildConfigurationList = 14883C28212FDF3D00871F58 /* Build configuration list for PBXNativeTarget "Remember" */;
			buildPhases = (
				14883C07212FDF3B00871F58 /* Sources */,
				14883C08212FDF3B00871F58 /* Frameworks */,
				14883C09212FDF3B00871F58 /* Resources */,
			);
			buildRules = (
			);
			dependencies = (
			);
			name = Remember;
			productName = Remember;
			productReference = 14883C0B212FDF3B00871F58 /* Remember.app */;
			productType = "com.apple.product-type.application";
		};
		14883C1E212FDF3D00871F58 /* RememberTests */ = {
			isa = PBXNativeTarget;
			buildConfigurationList = 14883C2B212FDF3D00871F58 /* Build configuration list for PBXNativeTarget "RememberTests" */;
			buildPhases = (
				14883C1B212FDF3D00871F58 /* Sources */,
				14883C1C212FDF3D00871F58 /* Frameworks */,
				14883C1D212FDF3D00871F58 /* Resources */,
			);
			buildRules = (
			);
			dependencies = (
				14883C21212FDF3D00871F58 /* PBXTargetDependency */,
			);
			name = RememberTests;
			productName = RememberTests;
			productReference = 14883C1F212FDF3D00871F58 /* RememberTests.xctest */;
			productType = "com.apple.product-type.bundle.unit-test";
		};
/* End PBXNativeTarget section */

/* Begin PBXProject section */
		14883C03212FDF3B00871F58 /* Project object */ = {
			isa = PBXProject;
			attributes = {
				LastSwiftUpdateCheck = 0940;
				LastUpgradeCheck = 0940;
				ORGANIZATIONNAME = "Le Duy Bach";
				TargetAttributes = {
					14883C0A212FDF3B00871F58 = {
						CreatedOnToolsVersion = 9.4.1;
					};
					14883C1E212FDF3D00871F58 = {
						CreatedOnToolsVersion = 9.4.1;
						TestTargetID = 14883C0A212FDF3B00871F58;
					};
				};
			};
			buildConfigurationList = 14883C06212FDF3B00871F58 /* Build configuration list for PBXProject "Remember" */;
			compatibilityVersion = "Xcode 9.3";
			developmentRegion = en;
			hasScannedForEncodings = 0;
			knownRegions = (
				en,
				Base,
			);
			mainGroup = 14883C02212FDF3B00871F58;
			productRefGroup = 14883C0C212FDF3B00871F58 /* Products */;
			projectDirPath = "";
			projectRoot = "";
			targets = (
				14883C0A212FDF3B00871F58 /* Remember */,
				14883C1E212FDF3D00871F58 /* RememberTests */,
			);
		};
/* End PBXProject section */

/* Begin PBXResourcesBuildPhase section */
		14883C09212FDF3B00871F58 /* Resources */ = {
			isa = PBXResourcesBuildPhase;
			buildActionMask = 2147483647;
			files = (
				14883C19212FDF3D00871F58 /* LaunchScreen.storyboard in Resources */,
				14883C16212FDF3D00871F58 /* Assets.xcassets in Resources */,
			);
			runOnlyForDeploymentPostprocessing = 0;
		};
		14883C1D212FDF3D00871F58 /* Resources */ = {
			isa = PBXResourcesBuildPhase;
			buildActionMask = 2147483647;
			files = (
			);
			runOnlyForDeploymentPostprocessing = 0;
		};
/* End PBXResourcesBuildPhase section */

/* Begin PBXSourcesBuildPhase section */
		14883C07212FDF3B00871F58 /* Sources */ = {
			isa = PBXSourcesBuildPhase;
			buildActionMask = 2147483647;
			files = (
				14883C0F212FDF3B00871F58 /* AppDelegate.swift in Sources */,
				14883C4B212FF43800871F58 /* IOS_FlowController.swift in Sources */,
				14883C36212FE10E00871F58 /* IRepository.swift in Sources */,
				14883C3E212FE54400871F58 /* SeeNotesPresenter.swift in Sources */,
				14883C31212FE02B00871F58 /* IFlowController.swift in Sources */,
				14883C512130055100871F58 /* SeeNotesViewController.swift in Sources */,
				14883C4F212FFB1E00871F58 /* NoteRepository.swift in Sources */,
				14883C41212FE58A00871F58 /* Note.swift in Sources */,
				14883C4D212FFB1200871F58 /* RepoFactory.swift in Sources */,
				14883C43212FE64B00871F58 /* SeeNotesView.swift in Sources */,
				14883C49212FEFBF00871F58 /* NoteRequest.swift in Sources */,
			);
			runOnlyForDeploymentPostprocessing = 0;
		};
		14883C1B212FDF3D00871F58 /* Sources */ = {
			isa = PBXSourcesBuildPhase;
			buildActionMask = 2147483647;
			files = (
				14883C24212FDF3D00871F58 /* RememberTests.swift in Sources */,
			);
			runOnlyForDeploymentPostprocessing = 0;
		};
/* End PBXSourcesBuildPhase section */

/* Begin PBXTargetDependency section */
		14883C21212FDF3D00871F58 /* PBXTargetDependency */ = {
			isa = PBXTargetDependency;
			target = 14883C0A212FDF3B00871F58 /* Remember */;
			targetProxy = 14883C20212FDF3D00871F58 /* PBXContainerItemProxy */;
		};
/* End PBXTargetDependency section */

/* Begin PBXVariantGroup section */
		14883C17212FDF3D00871F58 /* LaunchScreen.storyboard */ = {
			isa = PBXVariantGroup;
			children = (
				14883C18212FDF3D00871F58 /* Base */,
			);
			name = LaunchScreen.storyboard;
			sourceTree = "<group>";
		};
/* End PBXVariantGroup section */

/* Begin XCBuildConfiguration section */
		14883C26212FDF3D00871F58 /* Debug */ = {
			isa = XCBuildConfiguration;
			buildSettings = {
				ALWAYS_SEARCH_USER_PATHS = NO;
				CLANG_ANALYZER_NONNULL = YES;
				CLANG_ANALYZER_NUMBER_OBJECT_CONVERSION = YES_AGGRESSIVE;
				CLANG_CXX_LANGUAGE_STANDARD = "gnu++14";
				CLANG_CXX_LIBRARY = "libc++";
				CLANG_ENABLE_MODULES = YES;
				CLANG_ENABLE_OBJC_ARC = YES;
				CLANG_ENABLE_OBJC_WEAK = YES;
				CLANG_WARN_BLOCK_CAPTURE_AUTORELEASING = YES;
				CLANG_WARN_BOOL_CONVERSION = YES;
				CLANG_WARN_COMMA = YES;
				CLANG_WARN_CONSTANT_CONVERSION = YES;
				CLANG_WARN_DEPRECATED_OBJC_IMPLEMENTATIONS = YES;
				CLANG_WARN_DIRECT_OBJC_ISA_USAGE = YES_ERROR;
				CLANG_WARN_DOCUMENTATION_COMMENTS = YES;
				CLANG_WARN_EMPTY_BODY = YES;
				CLANG_WARN_ENUM_CONVERSION = YES;
				CLANG_WARN_INFINITE_RECURSION = YES;
				CLANG_WARN_INT_CONVERSION = YES;
				CLANG_WARN_NON_LITERAL_NULL_CONVERSION = YES;
				CLANG_WARN_OBJC_IMPLICIT_RETAIN_SELF = YES;
				CLANG_WARN_OBJC_LITERAL_CONVERSION = YES;
				CLANG_WARN_OBJC_ROOT_CLASS = YES_ERROR;
				CLANG_WARN_RANGE_LOOP_ANALYSIS = YES;
				CLANG_WARN_STRICT_PROTOTYPES = YES;
				CLANG_WARN_SUSPICIOUS_MOVE = YES;
				CLANG_WARN_UNGUARDED_AVAILABILITY = YES_AGGRESSIVE;
				CLANG_WARN_UNREACHABLE_CODE = YES;
				CLANG_WARN__DUPLICATE_METHOD_MATCH = YES;
				CODE_SIGN_IDENTITY = "iPhone Developer";
				COPY_PHASE_STRIP = NO;
				DEBUG_INFORMATION_FORMAT = dwarf;
				ENABLE_STRICT_OBJC_MSGSEND = YES;
				ENABLE_TESTABILITY = YES;
				GCC_C_LANGUAGE_STANDARD = gnu11;
				GCC_DYNAMIC_NO_PIC = NO;
				GCC_NO_COMMON_BLOCKS = YES;
				GCC_OPTIMIZATION_LEVEL = 0;
				GCC_PREPROCESSOR_DEFINITIONS = (
					"DEBUG=1",
					"$(inherited)",
				);
				GCC_WARN_64_TO_32_BIT_CONVERSION = YES;
				GCC_WARN_ABOUT_RETURN_TYPE = YES_ERROR;
				GCC_WARN_UNDECLARED_SELECTOR = YES;
				GCC_WARN_UNINITIALIZED_AUTOS = YES_AGGRESSIVE;
				GCC_WARN_UNUSED_FUNCTION = YES;
				GCC_WARN_UNUSED_VARIABLE = YES;
				IPHONEOS_DEPLOYMENT_TARGET = 11.4;
				MTL_ENABLE_DEBUG_INFO = YES;
				ONLY_ACTIVE_ARCH = YES;
				SDKROOT = iphoneos;
				SWIFT_ACTIVE_COMPILATION_CONDITIONS = DEBUG;
				SWIFT_OPTIMIZATION_LEVEL = "-Onone";
			};
			name = Debug;
		};
		14883C27212FDF3D00871F58 /* Release */ = {
			isa = XCBuildConfiguration;
			buildSettings = {
				ALWAYS_SEARCH_USER_PATHS = NO;
				CLANG_ANALYZER_NONNULL = YES;
				CLANG_ANALYZER_NUMBER_OBJECT_CONVERSION = YES_AGGRESSIVE;
				CLANG_CXX_LANGUAGE_STANDARD = "gnu++14";
				CLANG_CXX_LIBRARY = "libc++";
				CLANG_ENABLE_MODULES = YES;
				CLANG_ENABLE_OBJC_ARC = YES;
				CLANG_ENABLE_OBJC_WEAK = YES;
				CLANG_WARN_BLOCK_CAPTURE_AUTORELEASING = YES;
				CLANG_WARN_BOOL_CONVERSION = YES;
				CLANG_WARN_COMMA = YES;
				CLANG_WARN_CONSTANT_CONVERSION = YES;
				CLANG_WARN_DEPRECATED_OBJC_IMPLEMENTATIONS = YES;
				CLANG_WARN_DIRECT_OBJC_ISA_USAGE = YES_ERROR;
				CLANG_WARN_DOCUMENTATION_COMMENTS = YES;
				CLANG_WARN_EMPTY_BODY = YES;
				CLANG_WARN_ENUM_CONVERSION = YES;
				CLANG_WARN_INFINITE_RECURSION = YES;
				CLANG_WARN_INT_CONVERSION = YES;
				CLANG_WARN_NON_LITERAL_NULL_CONVERSION = YES;
				CLANG_WARN_OBJC_IMPLICIT_RETAIN_SELF = YES;
				CLANG_WARN_OBJC_LITERAL_CONVERSION = YES;
				CLANG_WARN_OBJC_ROOT_CLASS = YES_ERROR;
				CLANG_WARN_RANGE_LOOP_ANALYSIS = YES;
				CLANG_WARN_STRICT_PROTOTYPES = YES;
				CLANG_WARN_SUSPICIOUS_MOVE = YES;
				CLANG_WARN_UNGUARDED_AVAILABILITY = YES_AGGRESSIVE;
				CLANG_WARN_UNREACHABLE_CODE = YES;
				CLANG_WARN__DUPLICATE_METHOD_MATCH = YES;
				CODE_SIGN_IDENTITY = "iPhone Developer";
				COPY_PHASE_STRIP = NO;
				DEBUG_INFORMATION_FORMAT = "dwarf-with-dsym";
				ENABLE_NS_ASSERTIONS = NO;
				ENABLE_STRICT_OBJC_MSGSEND = YES;
				GCC_C_LANGUAGE_STANDARD = gnu11;
				GCC_NO_COMMON_BLOCKS = YES;
				GCC_WARN_64_TO_32_BIT_CONVERSION = YES;
				GCC_WARN_ABOUT_RETURN_TYPE = YES_ERROR;
				GCC_WARN_UNDECLARED_SELECTOR = YES;
				GCC_WARN_UNINITIALIZED_AUTOS = YES_AGGRESSIVE;
				GCC_WARN_UNUSED_FUNCTION = YES;
				GCC_WARN_UNUSED_VARIABLE = YES;
				IPHONEOS_DEPLOYMENT_TARGET = 11.4;
				MTL_ENABLE_DEBUG_INFO = NO;
				SDKROOT = iphoneos;
				SWIFT_COMPILATION_MODE = wholemodule;
				SWIFT_OPTIMIZATION_LEVEL = "-O";
				VALIDATE_PRODUCT = YES;
			};
			name = Release;
		};
		14883C29212FDF3D00871F58 /* Debug */ = {
			isa = XCBuildConfiguration;
			buildSettings = {
				ASSETCATALOG_COMPILER_APPICON_NAME = AppIcon;
				CODE_SIGN_STYLE = Automatic;
				INFOPLIST_FILE = "$(SRCROOT)/Notes/Notes.ios/Info.plist";
				LD_RUNPATH_SEARCH_PATHS = (
					"$(inherited)",
					"@executable_path/Frameworks",
				);
				PRODUCT_BUNDLE_IDENTIFIER = com.ldbach.Remember;
				PRODUCT_NAME = "$(TARGET_NAME)";
				SWIFT_VERSION = 4.0;
				TARGETED_DEVICE_FAMILY = "1,2";
			};
			name = Debug;
		};
		14883C2A212FDF3D00871F58 /* Release */ = {
			isa = XCBuildConfiguration;
			buildSettings = {
				ASSETCATALOG_COMPILER_APPICON_NAME = AppIcon;
				CODE_SIGN_STYLE = Automatic;
				INFOPLIST_FILE = "$(SRCROOT)/Notes/Notes.ios/Info.plist";
				LD_RUNPATH_SEARCH_PATHS = (
					"$(inherited)",
					"@executable_path/Frameworks",
				);
				PRODUCT_BUNDLE_IDENTIFIER = com.ldbach.Remember;
				PRODUCT_NAME = "$(TARGET_NAME)";
				SWIFT_VERSION = 4.0;
				TARGETED_DEVICE_FAMILY = "1,2";
			};
			name = Release;
		};
		14883C2C212FDF3D00871F58 /* Debug */ = {
			isa = XCBuildConfiguration;
			buildSettings = {
				ALWAYS_EMBED_SWIFT_STANDARD_LIBRARIES = YES;
				BUNDLE_LOADER = "$(TEST_HOST)";
				CODE_SIGN_STYLE = Automatic;
				INFOPLIST_FILE = RememberTests/Info.plist;
				LD_RUNPATH_SEARCH_PATHS = (
					"$(inherited)",
					"@executable_path/Frameworks",
					"@loader_path/Frameworks",
				);
				PRODUCT_BUNDLE_IDENTIFIER = com.ldbach.RememberTests;
				PRODUCT_NAME = "$(TARGET_NAME)";
				SWIFT_VERSION = 4.0;
				TARGETED_DEVICE_FAMILY = "1,2";
				TEST_HOST = "$(BUILT_PRODUCTS_DIR)/Remember.app/Remember";
			};
			name = Debug;
		};
		14883C2D212FDF3D00871F58 /* Release */ = {
			isa = XCBuildConfiguration;
			buildSettings = {
				ALWAYS_EMBED_SWIFT_STANDARD_LIBRARIES = YES;
				BUNDLE_LOADER = "$(TEST_HOST)";
				CODE_SIGN_STYLE = Automatic;
				INFOPLIST_FILE = RememberTests/Info.plist;
				LD_RUNPATH_SEARCH_PATHS = (
					"$(inherited)",
					"@executable_path/Frameworks",
					"@loader_path/Frameworks",
				);
				PRODUCT_BUNDLE_IDENTIFIER = com.ldbach.RememberTests;
				PRODUCT_NAME = "$(TARGET_NAME)";
				SWIFT_VERSION = 4.0;
				TARGETED_DEVICE_FAMILY = "1,2";
				TEST_HOST = "$(BUILT_PRODUCTS_DIR)/Remember.app/Remember";
			};
			name = Release;
		};
/* End XCBuildConfiguration section */

/* Begin XCConfigurationList section */
		14883C06212FDF3B00871F58 /* Build configuration list for PBXProject "Remember" */ = {
			isa = XCConfigurationList;
			buildConfigurations = (
				14883C26212FDF3D00871F58 /* Debug */,
				14883C27212FDF3D00871F58 /* Release */,
			);
			defaultConfigurationIsVisible = 0;
			defaultConfigurationName = Release;
		};
		14883C28212FDF3D00871F58 /* Build configuration list for PBXNativeTarget "Remember" */ = {
			isa = XCConfigurationList;
			buildConfigurations = (
				14883C29212FDF3D00871F58 /* Debug */,
				14883C2A212FDF3D00871F58 /* Release */,
			);
			defaultConfigurationIsVisible = 0;
			defaultConfigurationName = Release;
		};
		14883C2B212FDF3D00871F58 /* Build configuration list for PBXNativeTarget "RememberTests" */ = {
			isa = XCConfigurationList;
			buildConfigurations = (
				14883C2C212FDF3D00871F58 /* Debug */,
				14883C2D212FDF3D00871F58 /* Release */,
			);
			defaultConfigurationIsVisible = 0;
			defaultConfigurationName = Release;
		};
/* End XCConfigurationList section */
	};
	rootObject = 14883C03212FDF3B00871F58 /* Project object */;
}
